
Microsoft Visual Studio Solution File, Format Version 12.00
# Visual Studio 14
VisualStudioVersion = 14.0.25420.1
MinimumVisualStudioVersion = 10.0.40219.1
Project("{FAE04EC0-301F-11D3-BF4B-00C04F79EFBC}") = "EF6Demo", "EF6Demo\EF6Demo.csproj", "{5A5EDDA3-A9A1-4EF2-B272-00320003FC3E}"
EndProject
Project("{FAE04EC0-301F-11D3-BF4B-00C04F79EFBC}") = "AutoMigration1", "AutoMigration1\AutoMigration1.csproj", "{F67A0389-0314-4CAE-A7D3-5DFBC799238A}"
EndProject
Project("{FAE04EC0-301F-11D3-BF4B-00C04F79EFBC}") = "AutoMigration2", "AutoMigration2\AutoMigration2.csproj", "{7839E91E-92D4-453C-87C1-0E5303B6A7B6}"
EndProject
Project("{2150E333-8FDC-42A3-9474-1A3956D46DE8}") = "Solution Items", "Solution Items", "{A038A154-18FB-453F-A1C0-CFEECD8F02B9}"
	ProjectSection(SolutionItems) = preProject
		readme.txt = readme.txt
	EndProjectSection
EndProject
Project("{FAE04EC0-301F-11D3-BF4B-00C04F79EFBC}") = "EF6DemoFluent", "EF6DemoFluent\EF6DemoFluent.csproj", "{47164F1A-90C1-4FB8-8E7A-3683D77058F2}"
EndProject
Project("{FAE04EC0-301F-11D3-BF4B-00C04F79EFBC}") = "EF6Query", "EF6Query\EF6Query.csproj", "{FB299FB8-2808-4738-8E66-5B85ABD8E8AF}"
EndProject
Global
	GlobalSection(SolutionConfigurationPlatforms) = preSolution
		Debug|Any CPU = Debug|Any CPU
		Release|Any CPU = Release|Any CPU
	EndGlobalSection
	GlobalSection(ProjectConfigurationPlatforms) = postSolution
		{5A5EDDA3-A9A1-4EF2-B272-00320003FC3E}.Debug|Any CPU.ActiveCfg = Debug|Any CPU
		{5A5EDDA3-A9A1-4EF2-B272-00320003FC3E}.Debug|Any CPU.Build.0 = Debug|Any CPU
		{5A5EDDA3-A9A1-4EF2-B272-00320003FC3E}.Release|Any CPU.ActiveCfg = Release|Any CPU
		{5A5EDDA3-A9A1-4EF2-B272-00320003FC3E}.Release|Any CPU.Build.0 = Release|Any CPU
		{F67A0389-0314-4CAE-A7D3-5DFBC799238A}.Debug|Any CPU.ActiveCfg = Debug|Any CPU
		{F67A0389-0314-4CAE-A7D3-5DFBC799238A}.Debug|Any CPU.Build.0 = Debug|Any CPU
		{F67A0389-0314-4CAE-A7D3-5DFBC799238A}.Release|Any CPU.ActiveCfg = Release|Any CPU
		{F67A0389-0314-4CAE-A7D3-5DFBC799238A}.Release|Any CPU.Build.0 = Release|Any CPU
		{7839E91E-92D4-453C-87C1-0E5303B6A7B6}.Debug|Any CPU.ActiveCfg = Debug|Any CPU
		{7839E91E-92D4-453C-87C1-0E5303B6A7B6}.Debug|Any CPU.Build.0 = Debug|Any CPU
		{7839E91E-92D4-453C-87C1-0E5303B6A7B6}.Release|Any CPU.ActiveCfg = Release|Any CPU
		{7839E91E-92D4-453C-87C1-0E5303B6A7B6}.Release|Any CPU.Build.0 = Release|Any CPU
		{47164F1A-90C1-4FB8-8E7A-3683D77058F2}.Debug|Any CPU.ActiveCfg = Debug|Any CPU
		{47164F1A-90C1-4FB8-8E7A-3683D77058F2}.Debug|Any CPU.Build.0 = Debug|Any CPU
		{47164F1A-90C1-4FB8-8E7A-3683D77058F2}.Release|Any CPU.ActiveCfg = Release|Any CPU
		{47164F1A-90C1-4FB8-8E7A-3683D77058F2}.Release|Any CPU.Build.0 = Release|Any CPU
		{FB299FB8-2808-4738-8E66-5B85ABD8E8AF}.Debug|Any CPU.ActiveCfg = Debug|Any CPU
		{FB299FB8-2808-4738-8E66-5B85ABD8E8AF}.Debug|Any CPU.Build.0 = Debug|Any CPU
		{FB299FB8-2808-4738-8E66-5B85ABD8E8AF}.Release|Any CPU.ActiveCfg = Release|Any CPU
		{FB299FB8-2808-4738-8E66-5B85ABD8E8AF}.Release|Any CPU.Build.0 = Release|Any CPU
	EndGlobalSection
	GlobalSection(SolutionProperties) = preSolution
		HideSolutionNode = FALSE
	EndGlobalSection
EndGlobal
