
Microsoft Visual Studio Solution File, Format Version 12.00
# Visual Studio 14
VisualStudioVersion = 14.0.25420.1
MinimumVisualStudioVersion = 10.0.40219.1
Project("{FAE04EC0-301F-11D3-BF4B-00C04F79EFBC}") = "UnityDemo", "UnityDemo\UnityDemo.csproj", "{97876D6A-4E83-4B58-A400-9D7325F666F1}"
EndProject
Project("{FAE04EC0-301F-11D3-BF4B-00C04F79EFBC}") = "UnityDemoTransparentProxy", "UnityDemoTransparentProxy\UnityDemoTransparentProxy.csproj", "{61CDCA8E-F503-4DF4-A407-8AEA3430E5BD}"
EndProject
Project("{FAE04EC0-301F-11D3-BF4B-00C04F79EFBC}") = "UnityComm", "UnityComm\UnityComm.csproj", "{F7A853EE-19E5-4DCE-94F5-D22E659FF343}"
EndProject
Global
	GlobalSection(SolutionConfigurationPlatforms) = preSolution
		Debug|Any CPU = Debug|Any CPU
		Release|Any CPU = Release|Any CPU
	EndGlobalSection
	GlobalSection(ProjectConfigurationPlatforms) = postSolution
		{97876D6A-4E83-4B58-A400-9D7325F666F1}.Debug|Any CPU.ActiveCfg = Debug|Any CPU
		{97876D6A-4E83-4B58-A400-9D7325F666F1}.Debug|Any CPU.Build.0 = Debug|Any CPU
		{97876D6A-4E83-4B58-A400-9D7325F666F1}.Release|Any CPU.ActiveCfg = Release|Any CPU
		{97876D6A-4E83-4B58-A400-9D7325F666F1}.Release|Any CPU.Build.0 = Release|Any CPU
		{61CDCA8E-F503-4DF4-A407-8AEA3430E5BD}.Debug|Any CPU.ActiveCfg = Debug|Any CPU
		{61CDCA8E-F503-4DF4-A407-8AEA3430E5BD}.Debug|Any CPU.Build.0 = Debug|Any CPU
		{61CDCA8E-F503-4DF4-A407-8AEA3430E5BD}.Release|Any CPU.ActiveCfg = Release|Any CPU
		{61CDCA8E-F503-4DF4-A407-8AEA3430E5BD}.Release|Any CPU.Build.0 = Release|Any CPU
		{F7A853EE-19E5-4DCE-94F5-D22E659FF343}.Debug|Any CPU.ActiveCfg = Debug|Any CPU
		{F7A853EE-19E5-4DCE-94F5-D22E659FF343}.Debug|Any CPU.Build.0 = Debug|Any CPU
		{F7A853EE-19E5-4DCE-94F5-D22E659FF343}.Release|Any CPU.ActiveCfg = Release|Any CPU
		{F7A853EE-19E5-4DCE-94F5-D22E659FF343}.Release|Any CPU.Build.0 = Release|Any CPU
	EndGlobalSection
	GlobalSection(SolutionProperties) = preSolution
		HideSolutionNode = FALSE
	EndGlobalSection
EndGlobal
