
Microsoft Visual Studio Solution File, Format Version 12.00
# Visual Studio 14
VisualStudioVersion = 14.0.25420.1
MinimumVisualStudioVersion = 10.0.40219.1
Project("{FAE04EC0-301F-11D3-BF4B-00C04F79EFBC}") = "MVC5Demo", "MVC5Demo\MVC5Demo.csproj", "{DB86C99D-D9F8-433E-9FF1-7B20719FB4B1}"
EndProject
Global
	GlobalSection(SolutionConfigurationPlatforms) = preSolution
		Debug|Any CPU = Debug|Any CPU
		Release|Any CPU = Release|Any CPU
	EndGlobalSection
	GlobalSection(ProjectConfigurationPlatforms) = postSolution
		{DB86C99D-D9F8-433E-9FF1-7B20719FB4B1}.Debug|Any CPU.ActiveCfg = Debug|Any CPU
		{DB86C99D-D9F8-433E-9FF1-7B20719FB4B1}.Debug|Any CPU.Build.0 = Debug|Any CPU
		{DB86C99D-D9F8-433E-9FF1-7B20719FB4B1}.Release|Any CPU.ActiveCfg = Release|Any CPU
		{DB86C99D-D9F8-433E-9FF1-7B20719FB4B1}.Release|Any CPU.Build.0 = Release|Any CPU
	EndGlobalSection
	GlobalSection(SolutionProperties) = preSolution
		HideSolutionNode = FALSE
	EndGlobalSection
EndGlobal
